
Microsoft Visual Studio Solution File, Format Version 12.00
# Visual Studio Version 16
VisualStudioVersion = 16.0.32002.261
MinimumVisualStudioVersion = 10.0.40219.1
Project("{FAE04EC0-301F-11D3-BF4B-00C04F79EFBC}") = "ExcelReportBabilon", "ExcelReportBabilon\ExcelReportBabilon.csproj", "{9CAE9BB5-937C-4D72-BCE5-377ADC4105A6}"
EndProject
Global
	GlobalSection(SolutionConfigurationPlatforms) = preSolution
		Debug|Any CPU = Debug|Any CPU
		Release|Any CPU = Release|Any CPU
	EndGlobalSection
	GlobalSection(ProjectConfigurationPlatforms) = postSolution
		{9CAE9BB5-937C-4D72-BCE5-377ADC4105A6}.Debug|Any CPU.ActiveCfg = Debug|Any CPU
		{9CAE9BB5-937C-4D72-BCE5-377ADC4105A6}.Debug|Any CPU.Build.0 = Debug|Any CPU
		{9CAE9BB5-937C-4D72-BCE5-377ADC4105A6}.Release|Any CPU.ActiveCfg = Release|Any CPU
		{9CAE9BB5-937C-4D72-BCE5-377ADC4105A6}.Release|Any CPU.Build.0 = Release|Any CPU
	EndGlobalSection
	GlobalSection(SolutionProperties) = preSolution
		HideSolutionNode = FALSE
	EndGlobalSection
	GlobalSection(ExtensibilityGlobals) = postSolution
		SolutionGuid = {E3948194-DC5E-4F7C-A4BC-588F305714F0}
	EndGlobalSection
EndGlobal
